// !$*UTF8*$!
{
	archiveVersion = 1;
	classes = {
	};
	objectVersion = 48;
	objects = {

/* Begin PBXBuildFile section */
		D1A43EA01FB76A6100B6EFCC /* AppDelegate.swift in Sources */ = {isa = PBXBuildFile; fileRef = D1A43E9F1FB76A6100B6EFCC /* AppDelegate.swift */; };
		D1A43EA21FB76A6100B6EFCC /* ViewController.swift in Sources */ = {isa = PBXBuildFile; fileRef = D1A43EA11FB76A6100B6EFCC /* ViewController.swift */; };
		D1A43EA51FB76A6100B6EFCC /* Main.storyboard in Resources */ = {isa = PBXBuildFile; fileRef = D1A43EA31FB76A6100B6EFCC /* Main.storyboard */; };
		D1A43EA71FB76A6100B6EFCC /* Assets.xcassets in Resources */ = {isa = PBXBuildFile; fileRef = D1A43EA61FB76A6100B6EFCC /* Assets.xcassets */; };
		D1A43EAA1FB76A6100B6EFCC /* LaunchScreen.storyboard in Resources */ = {isa = PBXBuildFile; fileRef = D1A43EA81FB76A6100B6EFCC /* LaunchScreen.storyboard */; };
/* End PBXBuildFile section */

/* Begin PBXFileReference section */
		D1A43E9C1FB76A6100B6EFCC /* XcodeComGit.app */ = {isa = PBXFileReference; explicitFileType = wrapper.application; includeInIndex = 0; path = XcodeComGit.app; sourceTree = BUILT_PRODUCTS_DIR; };
		D1A43E9F1FB76A6100B6EFCC /* AppDelegate.swift */ = {isa = PBXFileReference; lastKnownFileType = sourcecode.swift; path = AppDelegate.swift; sourceTree = "<group>"; };
		D1A43EA11FB76A6100B6EFCC /* ViewController.swift */ = {isa = PBXFileReference; lastKnownFileType = sourcecode.swift; path = ViewController.swift; sourceTree = "<group>"; };
		D1A43EA41FB76A6100B6EFCC /* Base */ = {isa = PBXFileReference; lastKnownFileType = file.storyboard; name = Base; path = Base.lproj/Main.storyboard; sourceTree = "<group>"; };
		D1A43EA61FB76A6100B6EFCC /* Assets.xcassets */ = {isa = PBXFileReference; lastKnownFileType = folder.assetcatalog; path = Assets.xcassets; sourceTree = "<group>"; };
		D1A43EA91FB76A6100B6EFCC /* Base */ = {isa = PBXFileReference; lastKnownFileType = file.storyboard; name = Base; path = Base.lproj/LaunchScreen.storyboard; sourceTree = "<group>"; };
		D1A43EAB1FB76A6100B6EFCC /* Info.plist */ = {isa = PBXFileReference; lastKnownFileType = text.plist.xml; path = Info.plist; sourceTree = "<group>"; };
/* End PBXFileReference section */

/* Begin PBXFrameworksBuildPhase section */
		D1A43E991FB76A6100B6EFCC /* Frameworks */ = {
			isa = PBXFrameworksBuildPhase;
			buildActionMask = 2147483647;
			files = (
			);
			runOnlyForDeploymentPostprocessing = 0;
		};
/* End PBXFrameworksBuildPhase section */

/* Begin PBXGroup section */
		D1A43E931FB76A6100B6EFCC = {
			isa = PBXGroup;
			children = (
				D1A43E9E1FB76A6100B6EFCC /* XcodeComGit */,
				D1A43E9D1FB76A6100B6EFCC /* Products */,
			);
			sourceTree = "<group>";
		};
		D1A43E9D1FB76A6100B6EFCC /* Products */ = {
			isa = PBXGroup;
			children = (
				D1A43E9C1FB76A6100B6EFCC /* XcodeComGit.app */,
			);
			name = Products;
			sourceTree = "<group>";
		};
		D1A43E9E1FB76A6100B6EFCC /* XcodeComGit */ = {
			isa = PBXGroup;
			children = (
				D1A43E9F1FB76A6100B6EFCC /* AppDelegate.swift */,
				D1A43EA11FB76A6100B6EFCC /* ViewController.swift */,
				D1A43EA31FB76A6100B6EFCC /* Main.storyboard */,
				D1A43EA61FB76A6100B6EFCC /* Assets.xcassets */,
				D1A43EA81FB76A6100B6EFCC /* LaunchScreen.storyboard */,
				D1A43EAB1FB76A6100B6EFCC /* Info.plist */,
			);
			path = XcodeComGit;
			sourceTree = "<group>";
		};
/* End PBXGroup section */

/* Begin PBXNativeTarget section */
		D1A43E9B1FB76A6100B6EFCC /* XcodeComGit */ = {
			isa = PBXNativeTarget;
			buildConfigurationList = D1A43EAE1FB76A6100B6EFCC /* Build configuration list for PBXNativeTarget "XcodeComGit" */;
			buildPhases = (
				D1A43E981FB76A6100B6EFCC /* Sources */,
				D1A43E991FB76A6100B6EFCC /* Frameworks */,
				D1A43E9A1FB76A6100B6EFCC /* Resources */,
			);
			buildRules = (
			);
			dependencies = (
			);
			name = XcodeComGit;
			productName = XcodeComGit;
			productReference = D1A43E9C1FB76A6100B6EFCC /* XcodeComGit.app */;
			productType = "com.apple.product-type.application";
		};
/* End PBXNativeTarget section */

/* Begin PBXProject section */
		D1A43E941FB76A6100B6EFCC /* Project object */ = {
			isa = PBXProject;
			attributes = {
				LastSwiftUpdateCheck = 0910;
				LastUpgradeCheck = 0910;
				ORGANIZATIONNAME = Quaddro;
				TargetAttributes = {
					D1A43E9B1FB76A6100B6EFCC = {
						CreatedOnToolsVersion = 9.1;
						ProvisioningStyle = Automatic;
					};
				};
			};
			buildConfigurationList = D1A43E971FB76A6100B6EFCC /* Build configuration list for PBXProject "XcodeComGit" */;
			compatibilityVersion = "Xcode 8.0";
			developmentRegion = en;
			hasScannedForEncodings = 0;
			knownRegions = (
				en,
				Base,
			);
			mainGroup = D1A43E931FB76A6100B6EFCC;
			productRefGroup = D1A43E9D1FB76A6100B6EFCC /* Products */;
			projectDirPath = "";
			projectRoot = "";
			targets = (
				D1A43E9B1FB76A6100B6EFCC /* XcodeComGit */,
			);
		};
/* End PBXProject section */

/* Begin PBXResourcesBuildPhase section */
		D1A43E9A1FB76A6100B6EFCC /* Resources */ = {
			isa = PBXResourcesBuildPhase;
			buildActionMask = 2147483647;
			files = (
				D1A43EAA1FB76A6100B6EFCC /* LaunchScreen.storyboard in Resources */,
				D1A43EA71FB76A6100B6EFCC /* Assets.xcassets in Resources */,
				D1A43EA51FB76A6100B6EFCC /* Main.storyboard in Resources */,
			);
			runOnlyForDeploymentPostprocessing = 0;
		};
/* End PBXResourcesBuildPhase section */

/* Begin PBXSourcesBuildPhase section */
		D1A43E981FB76A6100B6EFCC /* Sources */ = {
			isa = PBXSourcesBuildPhase;
			buildActionMask = 2147483647;
			files = (
				D1A43EA21FB76A6100B6EFCC /* ViewController.swift in Sources */,
				D1A43EA01FB76A6100B6EFCC /* AppDelegate.swift in Sources */,
			);
			runOnlyForDeploymentPostprocessing = 0;
		};
/* End PBXSourcesBuildPhase section */

/* Begin PBXVariantGroup section */
		D1A43EA31FB76A6100B6EFCC /* Main.storyboard */ = {
			isa = PBXVariantGroup;
			children = (
				D1A43EA41FB76A6100B6EFCC /* Base */,
			);
			name = Main.storyboard;
			sourceTree = "<group>";
		};
		D1A43EA81FB76A6100B6EFCC /* LaunchScreen.storyboard */ = {
			isa = PBXVariantGroup;
			children = (
				D1A43EA91FB76A6100B6EFCC /* Base */,
			);
			name = LaunchScreen.storyboard;
			sourceTree = "<group>";
		};
/* End PBXVariantGroup section */

/* Begin XCBuildConfiguration section */
		D1A43EAC1FB76A6100B6EFCC /* Debug */ = {
			isa = XCBuildConfiguration;
			buildSettings = {
				ALWAYS_SEARCH_USER_PATHS = NO;
				CLANG_ANALYZER_NONNULL = YES;
				CLANG_ANALYZER_NUMBER_OBJECT_CONVERSION = YES_AGGRESSIVE;
				CLANG_CXX_LANGUAGE_STANDARD = "gnu++14";
				CLANG_CXX_LIBRARY = "libc++";
				CLANG_ENABLE_MODULES = YES;
				CLANG_ENABLE_OBJC_ARC = YES;
				CLANG_WARN_BLOCK_CAPTURE_AUTORELEASING = YES;
				CLANG_WARN_BOOL_CONVERSION = YES;
				CLANG_WARN_COMMA = YES;
				CLANG_WARN_CONSTANT_CONVERSION = YES;
				CLANG_WARN_DIRECT_OBJC_ISA_USAGE = YES_ERROR;
				CLANG_WARN_DOCUMENTATION_COMMENTS = YES;
				CLANG_WARN_EMPTY_BODY = YES;
				CLANG_WARN_ENUM_CONVERSION = YES;
				CLANG_WARN_INFINITE_RECURSION = YES;
				CLANG_WARN_INT_CONVERSION = YES;
				CLANG_WARN_NON_LITERAL_NULL_CONVERSION = YES;
				CLANG_WARN_OBJC_LITERAL_CONVERSION = YES;
				CLANG_WARN_OBJC_ROOT_CLASS = YES_ERROR;
				CLANG_WARN_RANGE_LOOP_ANALYSIS = YES;
				CLANG_WARN_STRICT_PROTOTYPES = YES;
				CLANG_WARN_SUSPICIOUS_MOVE = YES;
				CLANG_WARN_UNGUARDED_AVAILABILITY = YES_AGGRESSIVE;
				CLANG_WARN_UNREACHABLE_CODE = YES;
				CLANG_WARN__DUPLICATE_METHOD_MATCH = YES;
				CODE_SIGN_IDENTITY = "iPhone Developer";
				COPY_PHASE_STRIP = NO;
				DEBUG_INFORMATION_FORMAT = dwarf;
				ENABLE_STRICT_OBJC_MSGSEND = YES;
				ENABLE_TESTABILITY = YES;
				GCC_C_LANGUAGE_STANDARD = gnu11;
				GCC_DYNAMIC_NO_PIC = NO;
				GCC_NO_COMMON_BLOCKS = YES;
				GCC_OPTIMIZATION_LEVEL = 0;
				GCC_PREPROCESSOR_DEFINITIONS = (
					"DEBUG=1",
					"$(inherited)",
				);
				GCC_WARN_64_TO_32_BIT_CONVERSION = YES;
				GCC_WARN_ABOUT_RETURN_TYPE = YES_ERROR;
				GCC_WARN_UNDECLARED_SELECTOR = YES;
				GCC_WARN_UNINITIALIZED_AUTOS = YES_AGGRESSIVE;
				GCC_WARN_UNUSED_FUNCTION = YES;
				GCC_WARN_UNUSED_VARIABLE = YES;
				IPHONEOS_DEPLOYMENT_TARGET = 11.1;
				MTL_ENABLE_DEBUG_INFO = YES;
				ONLY_ACTIVE_ARCH = YES;
				SDKROOT = iphoneos;
				SWIFT_ACTIVE_COMPILATION_CONDITIONS = DEBUG;
				SWIFT_OPTIMIZATION_LEVEL = "-Onone";
			};
			name = Debug;
		};
		D1A43EAD1FB76A6100B6EFCC /* Release */ = {
			isa = XCBuildConfiguration;
			buildSettings = {
				ALWAYS_SEARCH_USER_PATHS = NO;
				CLANG_ANALYZER_NONNULL = YES;
				CLANG_ANALYZER_NUMBER_OBJECT_CONVERSION = YES_AGGRESSIVE;
				CLANG_CXX_LANGUAGE_STANDARD = "gnu++14";
				CLANG_CXX_LIBRARY = "libc++";
				CLANG_ENABLE_MODULES = YES;
				CLANG_ENABLE_OBJC_ARC = YES;
				CLANG_WARN_BLOCK_CAPTURE_AUTORELEASING = YES;
				CLANG_WARN_BOOL_CONVERSION = YES;
				CLANG_WARN_COMMA = YES;
				CLANG_WARN_CONSTANT_CONVERSION = YES;
				CLANG_WARN_DIRECT_OBJC_ISA_USAGE = YES_ERROR;
				CLANG_WARN_DOCUMENTATION_COMMENTS = YES;
				CLANG_WARN_EMPTY_BODY = YES;
				CLANG_WARN_ENUM_CONVERSION = YES;
				CLANG_WARN_INFINITE_RECURSION = YES;
				CLANG_WARN_INT_CONVERSION = YES;
				CLANG_WARN_NON_LITERAL_NULL_CONVERSION = YES;
				CLANG_WARN_OBJC_LITERAL_CONVERSION = YES;
				CLANG_WARN_OBJC_ROOT_CLASS = YES_ERROR;
				CLANG_WARN_RANGE_LOOP_ANALYSIS = YES;
				CLANG_WARN_STRICT_PROTOTYPES = YES;
				CLANG_WARN_SUSPICIOUS_MOVE = YES;
				CLANG_WARN_UNGUARDED_AVAILABILITY = YES_AGGRESSIVE;
				CLANG_WARN_UNREACHABLE_CODE = YES;
				CLANG_WARN__DUPLICATE_METHOD_MATCH = YES;
				CODE_SIGN_IDENTITY = "iPhone Developer";
				COPY_PHASE_STRIP = NO;
				DEBUG_INFORMATION_FORMAT = "dwarf-with-dsym";
				ENABLE_NS_ASSERTIONS = NO;
				ENABLE_STRICT_OBJC_MSGSEND = YES;
				GCC_C_LANGUAGE_STANDARD = gnu11;
				GCC_NO_COMMON_BLOCKS = YES;
				GCC_WARN_64_TO_32_BIT_CONVERSION = YES;
				GCC_WARN_ABOUT_RETURN_TYPE = YES_ERROR;
				GCC_WARN_UNDECLARED_SELECTOR = YES;
				GCC_WARN_UNINITIALIZED_AUTOS = YES_AGGRESSIVE;
				GCC_WARN_UNUSED_FUNCTION = YES;
				GCC_WARN_UNUSED_VARIABLE = YES;
				IPHONEOS_DEPLOYMENT_TARGET = 11.1;
				MTL_ENABLE_DEBUG_INFO = NO;
				SDKROOT = iphoneos;
				SWIFT_OPTIMIZATION_LEVEL = "-Owholemodule";
				VALIDATE_PRODUCT = YES;
			};
			name = Release;
		};
		D1A43EAF1FB76A6100B6EFCC /* Debug */ = {
			isa = XCBuildConfiguration;
			buildSettings = {
				ASSETCATALOG_COMPILER_APPICON_NAME = AppIcon;
				CODE_SIGN_STYLE = Automatic;
				INFOPLIST_FILE = XcodeComGit/Info.plist;
				LD_RUNPATH_SEARCH_PATHS = "$(inherited) @executable_path/Frameworks";
				PRODUCT_BUNDLE_IDENTIFIER = br.com.quaddro.XcodeComGit;
				PRODUCT_NAME = "$(TARGET_NAME)";
				SWIFT_VERSION = 4.0;
				TARGETED_DEVICE_FAMILY = "1,2";
			};
			name = Debug;
		};
		D1A43EB01FB76A6100B6EFCC /* Release */ = {
			isa = XCBuildConfiguration;
			buildSettings = {
				ASSETCATALOG_COMPILER_APPICON_NAME = AppIcon;
				CODE_SIGN_STYLE = Automatic;
				INFOPLIST_FILE = XcodeComGit/Info.plist;
				LD_RUNPATH_SEARCH_PATHS = "$(inherited) @executable_path/Frameworks";
				PRODUCT_BUNDLE_IDENTIFIER = br.com.quaddro.XcodeComGit;
				PRODUCT_NAME = "$(TARGET_NAME)";
				SWIFT_VERSION = 4.0;
				TARGETED_DEVICE_FAMILY = "1,2";
			};
			name = Release;
		};
/* End XCBuildConfiguration section */

/* Begin XCConfigurationList section */
		D1A43E971FB76A6100B6EFCC /* Build configuration list for PBXProject "XcodeComGit" */ = {
			isa = XCConfigurationList;
			buildConfigurations = (
				D1A43EAC1FB76A6100B6EFCC /* Debug */,
				D1A43EAD1FB76A6100B6EFCC /* Release */,
			);
			defaultConfigurationIsVisible = 0;
			defaultConfigurationName = Release;
		};
		D1A43EAE1FB76A6100B6EFCC /* Build configuration list for PBXNativeTarget "XcodeComGit" */ = {
			isa = XCConfigurationList;
			buildConfigurations = (
				D1A43EAF1FB76A6100B6EFCC /* Debug */,
				D1A43EB01FB76A6100B6EFCC /* Release */,
			);
			defaultConfigurationIsVisible = 0;
			defaultConfigurationName = Release;
		};
/* End XCConfigurationList section */
	};
	rootObject = D1A43E941FB76A6100B6EFCC /* Project object */;
}
